
Microsoft Visual Studio Solution File, Format Version 12.00
# Visual Studio Version 17
VisualStudioVersion = 17.10.34607.79
MinimumVisualStudioVersion = 10.0.40219.1
Project("{FAE04EC0-301F-11D3-BF4B-00C04F79EFBC}") = "ClipboardImageToFtp", "ClipboardImageToFtp\ClipboardImageToFtp.csproj", "{9B9B78E9-6503-477D-8B6C-6162FCA6EA02}"
EndProject
Global
	GlobalSection(SolutionConfigurationPlatforms) = preSolution
		Debug|Any CPU = Debug|Any CPU
		Release|Any CPU = Release|Any CPU
	EndGlobalSection
	GlobalSection(ProjectConfigurationPlatforms) = postSolution
		{9B9B78E9-6503-477D-8B6C-6162FCA6EA02}.Debug|Any CPU.ActiveCfg = Debug|Any CPU
		{9B9B78E9-6503-477D-8B6C-6162FCA6EA02}.Debug|Any CPU.Build.0 = Debug|Any CPU
		{9B9B78E9-6503-477D-8B6C-6162FCA6EA02}.Release|Any CPU.ActiveCfg = Release|Any CPU
		{9B9B78E9-6503-477D-8B6C-6162FCA6EA02}.Release|Any CPU.Build.0 = Release|Any CPU
	EndGlobalSection
	GlobalSection(SolutionProperties) = preSolution
		HideSolutionNode = FALSE
	EndGlobalSection
	GlobalSection(ExtensibilityGlobals) = postSolution
		SolutionGuid = {D91CB3E6-343D-47A9-92B7-1ACBD9DCBDF0}
	EndGlobalSection
EndGlobal
